
Microsoft Visual Studio Solution File, Format Version 12.00
Project("{FAE04EC0-301F-11D3-BF4B-00C04F79EFBC}") = "SageAPI", "SageAPI\SageAPI.csproj", "{58E84280-1EDA-4ADE-9DBF-C303671426AD}"
EndProject
Global
	GlobalSection(SolutionConfigurationPlatforms) = preSolution
		Debug|Any CPU = Debug|Any CPU
		Release|Any CPU = Release|Any CPU
	EndGlobalSection
	GlobalSection(ProjectConfigurationPlatforms) = postSolution
		{58E84280-1EDA-4ADE-9DBF-C303671426AD}.Debug|Any CPU.ActiveCfg = Debug|Any CPU
		{58E84280-1EDA-4ADE-9DBF-C303671426AD}.Debug|Any CPU.Build.0 = Debug|Any CPU
		{58E84280-1EDA-4ADE-9DBF-C303671426AD}.Release|Any CPU.ActiveCfg = Release|Any CPU
		{58E84280-1EDA-4ADE-9DBF-C303671426AD}.Release|Any CPU.Build.0 = Release|Any CPU
	EndGlobalSection
EndGlobal
